
Microsoft Visual Studio Solution File, Format Version 12.00
# Visual Studio Version 17
VisualStudioVersion = 17.4.33205.214
MinimumVisualStudioVersion = 10.0.40219.1
Project("{FAE04EC0-301F-11D3-BF4B-00C04F79EFBC}") = "AnimalShelterProject", "AnimalShelterProject.csproj", "{044C7A16-1173-48C7-9623-C012C05A7DAA}"
EndProject
Global
	GlobalSection(SolutionConfigurationPlatforms) = preSolution
		Debug|Any CPU = Debug|Any CPU
		Release|Any CPU = Release|Any CPU
	EndGlobalSection
	GlobalSection(ProjectConfigurationPlatforms) = postSolution
		{044C7A16-1173-48C7-9623-C012C05A7DAA}.Debug|Any CPU.ActiveCfg = Debug|Any CPU
		{044C7A16-1173-48C7-9623-C012C05A7DAA}.Debug|Any CPU.Build.0 = Debug|Any CPU
		{044C7A16-1173-48C7-9623-C012C05A7DAA}.Release|Any CPU.ActiveCfg = Release|Any CPU
		{044C7A16-1173-48C7-9623-C012C05A7DAA}.Release|Any CPU.Build.0 = Release|Any CPU
	EndGlobalSection
	GlobalSection(SolutionProperties) = preSolution
		HideSolutionNode = FALSE
	EndGlobalSection
	GlobalSection(ExtensibilityGlobals) = postSolution
		SolutionGuid = {941E7073-84FE-4436-9FE4-C8112D1C29B4}
	EndGlobalSection
EndGlobal
